// !$*UTF8*$!
{
	archiveVersion = 1;
	classes = {
	};
	objectVersion = 46;
	objects = {

/* Begin PBXBuildFile section */
		4A30ECC51A81FAB400E276C7 /* ladrLogo1.png in Resources */ = {isa = PBXBuildFile; fileRef = 4A30ECC41A81FAB400E276C7 /* ladrLogo1.png */; };
		4A30ECC81A82004B00E276C7 /* LoginViewController.m in Sources */ = {isa = PBXBuildFile; fileRef = 4A30ECC71A82004B00E276C7 /* LoginViewController.m */; };
		4A30ECCB1A82005B00E276C7 /* SignUpViewController.m in Sources */ = {isa = PBXBuildFile; fileRef = 4A30ECCA1A82005B00E276C7 /* SignUpViewController.m */; };
		4A4FB5261A8B4BBC009E97B7 /* AcceptButton.m in Sources */ = {isa = PBXBuildFile; fileRef = 4A4FB5251A8B4BBC009E97B7 /* AcceptButton.m */; };
		4A59ABE71A8568E20035E531 /* AddGroupViewController.m in Sources */ = {isa = PBXBuildFile; fileRef = 4A59ABE61A8568E20035E531 /* AddGroupViewController.m */; };
		4A6017671A90907800847F64 /* PanelViewController.m in Sources */ = {isa = PBXBuildFile; fileRef = 4A6017661A90907700847F64 /* PanelViewController.m */; };
		4A60176A1A9092C800847F64 /* HomePageViewController.m in Sources */ = {isa = PBXBuildFile; fileRef = 4A6017691A9092C800847F64 /* HomePageViewController.m */; };
		4A60176D1A90A86200847F64 /* SWRevealViewController.m in Sources */ = {isa = PBXBuildFile; fileRef = 4A60176C1A90A86200847F64 /* SWRevealViewController.m */; };
		4A6017741A90C0BA00847F64 /* SettingsViewController.m in Sources */ = {isa = PBXBuildFile; fileRef = 4A6017731A90C0BA00847F64 /* SettingsViewController.m */; };
		4A6017771A90C0CF00847F64 /* LicensesViewController.m in Sources */ = {isa = PBXBuildFile; fileRef = 4A6017761A90C0CF00847F64 /* LicensesViewController.m */; };
		4A60F1F81A88BF9800E2A0C4 /* NotificationTableViewController.m in Sources */ = {isa = PBXBuildFile; fileRef = 4A60F1F71A88BF9800E2A0C4 /* NotificationTableViewController.m */; };
		4A69B2891A8D7F3500026198 /* GroupViewCellTableViewCell.m in Sources */ = {isa = PBXBuildFile; fileRef = 4A69B2881A8D7F3500026198 /* GroupViewCellTableViewCell.m */; };
		4A69B28C1A8D8EEE00026198 /* ReportGameViewController.m in Sources */ = {isa = PBXBuildFile; fileRef = 4A69B28B1A8D8EEE00026198 /* ReportGameViewController.m */; };
		4A6AF4E51A8C01B60015D09E /* GroupTableViewController.m in Sources */ = {isa = PBXBuildFile; fileRef = 4A6AF4E41A8C01B60015D09E /* GroupTableViewController.m */; };
		4A9CC3621A847374006F8706 /* homePageTableViewTableViewController.m in Sources */ = {isa = PBXBuildFile; fileRef = 4A9CC3611A847374006F8706 /* homePageTableViewTableViewController.m */; };
		4ABB3D251A7DE992001724D5 /* main.m in Sources */ = {isa = PBXBuildFile; fileRef = 4ABB3D241A7DE992001724D5 /* main.m */; };
		4ABB3D281A7DE992001724D5 /* AppDelegate.m in Sources */ = {isa = PBXBuildFile; fileRef = 4ABB3D271A7DE992001724D5 /* AppDelegate.m */; };
		4ABB3D2B1A7DE992001724D5 /* Ladr.xcdatamodeld in Sources */ = {isa = PBXBuildFile; fileRef = 4ABB3D291A7DE992001724D5 /* Ladr.xcdatamodeld */; };
		4ABB3D311A7DE992001724D5 /* Main.storyboard in Resources */ = {isa = PBXBuildFile; fileRef = 4ABB3D2F1A7DE992001724D5 /* Main.storyboard */; };
		4ABB3D331A7DE992001724D5 /* Images.xcassets in Resources */ = {isa = PBXBuildFile; fileRef = 4ABB3D321A7DE992001724D5 /* Images.xcassets */; };
		4ABB3D361A7DE992001724D5 /* LaunchScreen.xib in Resources */ = {isa = PBXBuildFile; fileRef = 4ABB3D341A7DE992001724D5 /* LaunchScreen.xib */; };
		4ABB3D421A7DE992001724D5 /* LadrTests.m in Sources */ = {isa = PBXBuildFile; fileRef = 4ABB3D411A7DE992001724D5 /* LadrTests.m */; };
		4ABB3D501A7DEA4A001724D5 /* Bolts.framework in Frameworks */ = {isa = PBXBuildFile; fileRef = 4ABB3D4B1A7DEA4A001724D5 /* Bolts.framework */; };
		4ABB3D511A7DEA4A001724D5 /* Parse.framework in Frameworks */ = {isa = PBXBuildFile; fileRef = 4ABB3D4C1A7DEA4A001724D5 /* Parse.framework */; };
		4ABB3D521A7DEA4A001724D5 /* ParseCrashReporting.framework in Frameworks */ = {isa = PBXBuildFile; fileRef = 4ABB3D4D1A7DEA4A001724D5 /* ParseCrashReporting.framework */; };
		4ABB3D531A7DEA4A001724D5 /* ParseFacebookUtils.framework in Frameworks */ = {isa = PBXBuildFile; fileRef = 4ABB3D4E1A7DEA4A001724D5 /* ParseFacebookUtils.framework */; };
		4ABB3D541A7DEA4A001724D5 /* ParseUI.framework in Frameworks */ = {isa = PBXBuildFile; fileRef = 4ABB3D4F1A7DEA4A001724D5 /* ParseUI.framework */; };
		4ABB3D561A7DEAB5001724D5 /* AudioToolbox.framework in Frameworks */ = {isa = PBXBuildFile; fileRef = 4ABB3D551A7DEAB5001724D5 /* AudioToolbox.framework */; };
		4ABB3D581A7DEABB001724D5 /* CFNetwork.framework in Frameworks */ = {isa = PBXBuildFile; fileRef = 4ABB3D571A7DEABB001724D5 /* CFNetwork.framework */; };
		4ABB3D5A1A7DEAC1001724D5 /* CoreGraphics.framework in Frameworks */ = {isa = PBXBuildFile; fileRef = 4ABB3D591A7DEAC1001724D5 /* CoreGraphics.framework */; };
		4ABB3D5C1A7DEACC001724D5 /* CoreLocation.framework in Frameworks */ = {isa = PBXBuildFile; fileRef = 4ABB3D5B1A7DEACC001724D5 /* CoreLocation.framework */; };
		4ABB3D5E1A7DEAD5001724D5 /* MobileCoreServices.framework in Frameworks */ = {isa = PBXBuildFile; fileRef = 4ABB3D5D1A7DEAD5001724D5 /* MobileCoreServices.framework */; };
		4ABB3D601A7DEADD001724D5 /* QuartzCore.framework in Frameworks */ = {isa = PBXBuildFile; fileRef = 4ABB3D5F1A7DEADD001724D5 /* QuartzCore.framework */; };
		4ABB3D621A7DEAE3001724D5 /* Security.framework in Frameworks */ = {isa = PBXBuildFile; fileRef = 4ABB3D611A7DEAE3001724D5 /* Security.framework */; };
		4ABB3D641A7DEAE9001724D5 /* StoreKit.framework in Frameworks */ = {isa = PBXBuildFile; fileRef = 4ABB3D631A7DEAE9001724D5 /* StoreKit.framework */; };
		4ABB3D661A7DEAF4001724D5 /* SystemConfiguration.framework in Frameworks */ = {isa = PBXBuildFile; fileRef = 4ABB3D651A7DEAF4001724D5 /* SystemConfiguration.framework */; };
		4ABB3D681A7DEB01001724D5 /* libz.dylib in Frameworks */ = {isa = PBXBuildFile; fileRef = 4ABB3D671A7DEB01001724D5 /* libz.dylib */; };
		4ABB3D6A1A7DEB0F001724D5 /* libsqlite3.dylib in Frameworks */ = {isa = PBXBuildFile; fileRef = 4ABB3D691A7DEB0F001724D5 /* libsqlite3.dylib */; };
		4AD2A4871A9302A4005FB377 /* AddInitialFriendsViewController.m in Sources */ = {isa = PBXBuildFile; fileRef = 4AD2A4861A9302A4005FB377 /* AddInitialFriendsViewController.m */; };
		4ADA1ACC1A96C088004E499E /* photoCellCollectionViewCell.m in Sources */ = {isa = PBXBuildFile; fileRef = 4ADA1ACB1A96C088004E499E /* photoCellCollectionViewCell.m */; };
		4ADA1ACF1A96E06C004E499E /* ImageChosenView.m in Sources */ = {isa = PBXBuildFile; fileRef = 4ADA1ACE1A96E06C004E499E /* ImageChosenView.m */; };
		4ADA1AD21A96EF2D004E499E /* HomePageCell.m in Sources */ = {isa = PBXBuildFile; fileRef = 4ADA1AD11A96EF2D004E499E /* HomePageCell.m */; };
		4ADA1AD61A96FAE7004E499E /* cat.jpg in Resources */ = {isa = PBXBuildFile; fileRef = 4ADA1AD31A96FAE7004E499E /* cat.jpg */; };
		4ADA1AD81A96FAE7004E499E /* pic.jpg in Resources */ = {isa = PBXBuildFile; fileRef = 4ADA1AD51A96FAE7004E499E /* pic.jpg */; };
		4ADE26631A91A17D009C6A55 /* AddFriendsToGroupViewController.m in Sources */ = {isa = PBXBuildFile; fileRef = 4ADE26621A91A17D009C6A55 /* AddFriendsToGroupViewController.m */; };
		4AEF49FE1A9A906000A2561D /* ProfileViewController.m in Sources */ = {isa = PBXBuildFile; fileRef = 4AEF49FD1A9A906000A2561D /* ProfileViewController.m */; };
		4AEF4A011A9AA24D00A2561D /* GlobalVarsTest.m in Sources */ = {isa = PBXBuildFile; fileRef = 4AEF4A001A9AA24D00A2561D /* GlobalVarsTest.m */; };
		4AEF4A081A9AADCF00A2561D /* ThingsToFixLater in Resources */ = {isa = PBXBuildFile; fileRef = 4AEF4A071A9AADCF00A2561D /* ThingsToFixLater */; };
/* End PBXBuildFile section */

/* Begin PBXContainerItemProxy section */
		4ABB3D3C1A7DE992001724D5 /* PBXContainerItemProxy */ = {
			isa = PBXContainerItemProxy;
			containerPortal = 4ABB3D171A7DE992001724D5 /* Project object */;
			proxyType = 1;
			remoteGlobalIDString = 4ABB3D1E1A7DE992001724D5;
			remoteInfo = Ladr;
		};
/* End PBXContainerItemProxy section */

/* Begin PBXFileReference section */
		4A30ECC41A81FAB400E276C7 /* ladrLogo1.png */ = {isa = PBXFileReference; lastKnownFileType = image.png; name = ladrLogo1.png; path = ../../../ladrArt/ladrLogo1.png; sourceTree = "<group>"; };
		4A30ECC61A82004B00E276C7 /* LoginViewController.h */ = {isa = PBXFileReference; fileEncoding = 4; lastKnownFileType = sourcecode.c.h; path = LoginViewController.h; sourceTree = "<group>"; };
		4A30ECC71A82004B00E276C7 /* LoginViewController.m */ = {isa = PBXFileReference; fileEncoding = 4; lastKnownFileType = sourcecode.c.objc; path = LoginViewController.m; sourceTree = "<group>"; };
		4A30ECC91A82005B00E276C7 /* SignUpViewController.h */ = {isa = PBXFileReference; fileEncoding = 4; lastKnownFileType = sourcecode.c.h; path = SignUpViewController.h; sourceTree = "<group>"; };
		4A30ECCA1A82005B00E276C7 /* SignUpViewController.m */ = {isa = PBXFileReference; fileEncoding = 4; lastKnownFileType = sourcecode.c.objc; path = SignUpViewController.m; sourceTree = "<group>"; };
		4A4FB5241A8B4BBC009E97B7 /* AcceptButton.h */ = {isa = PBXFileReference; fileEncoding = 4; lastKnownFileType = sourcecode.c.h; path = AcceptButton.h; sourceTree = "<group>"; };
		4A4FB5251A8B4BBC009E97B7 /* AcceptButton.m */ = {isa = PBXFileReference; fileEncoding = 4; lastKnownFileType = sourcecode.c.objc; path = AcceptButton.m; sourceTree = "<group>"; };
		4A59ABE51A8568E20035E531 /* AddGroupViewController.h */ = {isa = PBXFileReference; fileEncoding = 4; lastKnownFileType = sourcecode.c.h; path = AddGroupViewController.h; sourceTree = "<group>"; };
		4A59ABE61A8568E20035E531 /* AddGroupViewController.m */ = {isa = PBXFileReference; fileEncoding = 4; lastKnownFileType = sourcecode.c.objc; path = AddGroupViewController.m; sourceTree = "<group>"; };
		4A6017651A90907700847F64 /* PanelViewController.h */ = {isa = PBXFileReference; fileEncoding = 4; lastKnownFileType = sourcecode.c.h; path = PanelViewController.h; sourceTree = "<group>"; };
		4A6017661A90907700847F64 /* PanelViewController.m */ = {isa = PBXFileReference; fileEncoding = 4; lastKnownFileType = sourcecode.c.objc; path = PanelViewController.m; sourceTree = "<group>"; };
		4A6017681A9092C800847F64 /* HomePageViewController.h */ = {isa = PBXFileReference; fileEncoding = 4; lastKnownFileType = sourcecode.c.h; path = HomePageViewController.h; sourceTree = "<group>"; };
		4A6017691A9092C800847F64 /* HomePageViewController.m */ = {isa = PBXFileReference; fileEncoding = 4; lastKnownFileType = sourcecode.c.objc; path = HomePageViewController.m; sourceTree = "<group>"; };
		4A60176B1A90A86200847F64 /* SWRevealViewController.h */ = {isa = PBXFileReference; fileEncoding = 4; lastKnownFileType = sourcecode.c.h; path = SWRevealViewController.h; sourceTree = "<group>"; };
		4A60176C1A90A86200847F64 /* SWRevealViewController.m */ = {isa = PBXFileReference; fileEncoding = 4; lastKnownFileType = sourcecode.c.objc; path = SWRevealViewController.m; sourceTree = "<group>"; };
		4A6017721A90C0BA00847F64 /* SettingsViewController.h */ = {isa = PBXFileReference; fileEncoding = 4; lastKnownFileType = sourcecode.c.h; path = SettingsViewController.h; sourceTree = "<group>"; };
		4A6017731A90C0BA00847F64 /* SettingsViewController.m */ = {isa = PBXFileReference; fileEncoding = 4; lastKnownFileType = sourcecode.c.objc; path = SettingsViewController.m; sourceTree = "<group>"; };
		4A6017751A90C0CF00847F64 /* LicensesViewController.h */ = {isa = PBXFileReference; fileEncoding = 4; lastKnownFileType = sourcecode.c.h; path = LicensesViewController.h; sourceTree = "<group>"; };
		4A6017761A90C0CF00847F64 /* LicensesViewController.m */ = {isa = PBXFileReference; fileEncoding = 4; lastKnownFileType = sourcecode.c.objc; path = LicensesViewController.m; sourceTree = "<group>"; };
		4A60F1F61A88BF9800E2A0C4 /* NotificationTableViewController.h */ = {isa = PBXFileReference; fileEncoding = 4; lastKnownFileType = sourcecode.c.h; path = NotificationTableViewController.h; sourceTree = "<group>"; };
		4A60F1F71A88BF9800E2A0C4 /* NotificationTableViewController.m */ = {isa = PBXFileReference; fileEncoding = 4; lastKnownFileType = sourcecode.c.objc; path = NotificationTableViewController.m; sourceTree = "<group>"; };
		4A69B2871A8D7F3500026198 /* GroupViewCellTableViewCell.h */ = {isa = PBXFileReference; fileEncoding = 4; lastKnownFileType = sourcecode.c.h; path = GroupViewCellTableViewCell.h; sourceTree = "<group>"; };
		4A69B2881A8D7F3500026198 /* GroupViewCellTableViewCell.m */ = {isa = PBXFileReference; fileEncoding = 4; lastKnownFileType = sourcecode.c.objc; path = GroupViewCellTableViewCell.m; sourceTree = "<group>"; };
		4A69B28A1A8D8EEE00026198 /* ReportGameViewController.h */ = {isa = PBXFileReference; fileEncoding = 4; lastKnownFileType = sourcecode.c.h; path = ReportGameViewController.h; sourceTree = "<group>"; };
		4A69B28B1A8D8EEE00026198 /* ReportGameViewController.m */ = {isa = PBXFileReference; fileEncoding = 4; lastKnownFileType = sourcecode.c.objc; path = ReportGameViewController.m; sourceTree = "<group>"; };
		4A6AF4E31A8C01B60015D09E /* GroupTableViewController.h */ = {isa = PBXFileReference; fileEncoding = 4; lastKnownFileType = sourcecode.c.h; path = GroupTableViewController.h; sourceTree = "<group>"; };
		4A6AF4E41A8C01B60015D09E /* GroupTableViewController.m */ = {isa = PBXFileReference; fileEncoding = 4; lastKnownFileType = sourcecode.c.objc; path = GroupTableViewController.m; sourceTree = "<group>"; };
		4A9CC3601A847374006F8706 /* homePageTableViewTableViewController.h */ = {isa = PBXFileReference; fileEncoding = 4; lastKnownFileType = sourcecode.c.h; path = homePageTableViewTableViewController.h; sourceTree = "<group>"; };
		4A9CC3611A847374006F8706 /* homePageTableViewTableViewController.m */ = {isa = PBXFileReference; fileEncoding = 4; lastKnownFileType = sourcecode.c.objc; path = homePageTableViewTableViewController.m; sourceTree = "<group>"; };
		4ABB3D1F1A7DE992001724D5 /* Ladr.app */ = {isa = PBXFileReference; explicitFileType = wrapper.application; includeInIndex = 0; path = Ladr.app; sourceTree = BUILT_PRODUCTS_DIR; };
		4ABB3D231A7DE992001724D5 /* Info.plist */ = {isa = PBXFileReference; lastKnownFileType = text.plist.xml; path = Info.plist; sourceTree = "<group>"; };
		4ABB3D241A7DE992001724D5 /* main.m */ = {isa = PBXFileReference; lastKnownFileType = sourcecode.c.objc; path = main.m; sourceTree = "<group>"; };
		4ABB3D261A7DE992001724D5 /* AppDelegate.h */ = {isa = PBXFileReference; lastKnownFileType = sourcecode.c.h; path = AppDelegate.h; sourceTree = "<group>"; };
		4ABB3D271A7DE992001724D5 /* AppDelegate.m */ = {isa = PBXFileReference; lastKnownFileType = sourcecode.c.objc; path = AppDelegate.m; sourceTree = "<group>"; };
		4ABB3D2A1A7DE992001724D5 /* Ladr.xcdatamodel */ = {isa = PBXFileReference; lastKnownFileType = wrapper.xcdatamodel; path = Ladr.xcdatamodel; sourceTree = "<group>"; };
		4ABB3D301A7DE992001724D5 /* Base */ = {isa = PBXFileReference; lastKnownFileType = file.storyboard; name = Base; path = Base.lproj/Main.storyboard; sourceTree = "<group>"; };
		4ABB3D321A7DE992001724D5 /* Images.xcassets */ = {isa = PBXFileReference; lastKnownFileType = folder.assetcatalog; path = Images.xcassets; sourceTree = "<group>"; };
		4ABB3D351A7DE992001724D5 /* Base */ = {isa = PBXFileReference; lastKnownFileType = file.xib; name = Base; path = Base.lproj/LaunchScreen.xib; sourceTree = "<group>"; };
		4ABB3D3B1A7DE992001724D5 /* LadrTests.xctest */ = {isa = PBXFileReference; explicitFileType = wrapper.cfbundle; includeInIndex = 0; path = LadrTests.xctest; sourceTree = BUILT_PRODUCTS_DIR; };
		4ABB3D401A7DE992001724D5 /* Info.plist */ = {isa = PBXFileReference; lastKnownFileType = text.plist.xml; path = Info.plist; sourceTree = "<group>"; };
		4ABB3D411A7DE992001724D5 /* LadrTests.m */ = {isa = PBXFileReference; lastKnownFileType = sourcecode.c.objc; path = LadrTests.m; sourceTree = "<group>"; };
		4ABB3D4B1A7DEA4A001724D5 /* Bolts.framework */ = {isa = PBXFileReference; lastKnownFileType = wrapper.framework; name = Bolts.framework; path = Ladr/Bolts.framework; sourceTree = "<group>"; };
		4ABB3D4C1A7DEA4A001724D5 /* Parse.framework */ = {isa = PBXFileReference; lastKnownFileType = wrapper.framework; name = Parse.framework; path = Ladr/Parse.framework; sourceTree = "<group>"; };
		4ABB3D4D1A7DEA4A001724D5 /* ParseCrashReporting.framework */ = {isa = PBXFileReference; lastKnownFileType = wrapper.framework; name = ParseCrashReporting.framework; path = Ladr/ParseCrashReporting.framework; sourceTree = "<group>"; };
		4ABB3D4E1A7DEA4A001724D5 /* ParseFacebookUtils.framework */ = {isa = PBXFileReference; lastKnownFileType = wrapper.framework; name = ParseFacebookUtils.framework; path = Ladr/ParseFacebookUtils.framework; sourceTree = "<group>"; };
		4ABB3D4F1A7DEA4A001724D5 /* ParseUI.framework */ = {isa = PBXFileReference; lastKnownFileType = wrapper.framework; name = ParseUI.framework; path = Ladr/ParseUI.framework; sourceTree = "<group>"; };
		4ABB3D551A7DEAB5001724D5 /* AudioToolbox.framework */ = {isa = PBXFileReference; lastKnownFileType = wrapper.framework; name = AudioToolbox.framework; path = System/Library/Frameworks/AudioToolbox.framework; sourceTree = SDKROOT; };
		4ABB3D571A7DEABB001724D5 /* CFNetwork.framework */ = {isa = PBXFileReference; lastKnownFileType = wrapper.framework; name = CFNetwork.framework; path = System/Library/Frameworks/CFNetwork.framework; sourceTree = SDKROOT; };
		4ABB3D591A7DEAC1001724D5 /* CoreGraphics.framework */ = {isa = PBXFileReference; lastKnownFileType = wrapper.framework; name = CoreGraphics.framework; path = System/Library/Frameworks/CoreGraphics.framework; sourceTree = SDKROOT; };
		4ABB3D5B1A7DEACC001724D5 /* CoreLocation.framework */ = {isa = PBXFileReference; lastKnownFileType = wrapper.framework; name = CoreLocation.framework; path = System/Library/Frameworks/CoreLocation.framework; sourceTree = SDKROOT; };
		4ABB3D5D1A7DEAD5001724D5 /* MobileCoreServices.framework */ = {isa = PBXFileReference; lastKnownFileType = wrapper.framework; name = MobileCoreServices.framework; path = System/Library/Frameworks/MobileCoreServices.framework; sourceTree = SDKROOT; };
		4ABB3D5F1A7DEADD001724D5 /* QuartzCore.framework */ = {isa = PBXFileReference; lastKnownFileType = wrapper.framework; name = QuartzCore.framework; path = System/Library/Frameworks/QuartzCore.framework; sourceTree = SDKROOT; };
		4ABB3D611A7DEAE3001724D5 /* Security.framework */ = {isa = PBXFileReference; lastKnownFileType = wrapper.framework; name = Security.framework; path = System/Library/Frameworks/Security.framework; sourceTree = SDKROOT; };
		4ABB3D631A7DEAE9001724D5 /* StoreKit.framework */ = {isa = PBXFileReference; lastKnownFileType = wrapper.framework; name = StoreKit.framework; path = System/Library/Frameworks/StoreKit.framework; sourceTree = SDKROOT; };
		4ABB3D651A7DEAF4001724D5 /* SystemConfiguration.framework */ = {isa = PBXFileReference; lastKnownFileType = wrapper.framework; name = SystemConfiguration.framework; path = System/Library/Frameworks/SystemConfiguration.framework; sourceTree = SDKROOT; };
		4ABB3D671A7DEB01001724D5 /* libz.dylib */ = {isa = PBXFileReference; lastKnownFileType = "compiled.mach-o.dylib"; name = libz.dylib; path = usr/lib/libz.dylib; sourceTree = SDKROOT; };
		4ABB3D691A7DEB0F001724D5 /* libsqlite3.dylib */ = {isa = PBXFileReference; lastKnownFileType = "compiled.mach-o.dylib"; name = libsqlite3.dylib; path = usr/lib/libsqlite3.dylib; sourceTree = SDKROOT; };
		4AD2A4851A9302A4005FB377 /* AddInitialFriendsViewController.h */ = {isa = PBXFileReference; fileEncoding = 4; lastKnownFileType = sourcecode.c.h; path = AddInitialFriendsViewController.h; sourceTree = "<group>"; };
		4AD2A4861A9302A4005FB377 /* AddInitialFriendsViewController.m */ = {isa = PBXFileReference; fileEncoding = 4; lastKnownFileType = sourcecode.c.objc; path = AddInitialFriendsViewController.m; sourceTree = "<group>"; };
		4ADA1ACA1A96C088004E499E /* photoCellCollectionViewCell.h */ = {isa = PBXFileReference; fileEncoding = 4; lastKnownFileType = sourcecode.c.h; path = photoCellCollectionViewCell.h; sourceTree = "<group>"; };
		4ADA1ACB1A96C088004E499E /* photoCellCollectionViewCell.m */ = {isa = PBXFileReference; fileEncoding = 4; lastKnownFileType = sourcecode.c.objc; path = photoCellCollectionViewCell.m; sourceTree = "<group>"; };
		4ADA1ACD1A96E06C004E499E /* ImageChosenView.h */ = {isa = PBXFileReference; fileEncoding = 4; lastKnownFileType = sourcecode.c.h; path = ImageChosenView.h; sourceTree = "<group>"; };
		4ADA1ACE1A96E06C004E499E /* ImageChosenView.m */ = {isa = PBXFileReference; fileEncoding = 4; lastKnownFileType = sourcecode.c.objc; path = ImageChosenView.m; sourceTree = "<group>"; };
		4ADA1AD01A96EF2D004E499E /* HomePageCell.h */ = {isa = PBXFileReference; fileEncoding = 4; lastKnownFileType = sourcecode.c.h; path = HomePageCell.h; sourceTree = "<group>"; };
		4ADA1AD11A96EF2D004E499E /* HomePageCell.m */ = {isa = PBXFileReference; fileEncoding = 4; lastKnownFileType = sourcecode.c.objc; path = HomePageCell.m; sourceTree = "<group>"; };
		4ADA1AD31A96FAE7004E499E /* cat.jpg */ = {isa = PBXFileReference; lastKnownFileType = image.jpeg; path = cat.jpg; sourceTree = "<group>"; };
		4ADA1AD51A96FAE7004E499E /* pic.jpg */ = {isa = PBXFileReference; lastKnownFileType = image.jpeg; path = pic.jpg; sourceTree = "<group>"; };
		4ADE26611A91A17D009C6A55 /* AddFriendsToGroupViewController.h */ = {isa = PBXFileReference; fileEncoding = 4; lastKnownFileType = sourcecode.c.h; path = AddFriendsToGroupViewController.h; sourceTree = "<group>"; };
		4ADE26621A91A17D009C6A55 /* AddFriendsToGroupViewController.m */ = {isa = PBXFileReference; fileEncoding = 4; lastKnownFileType = sourcecode.c.objc; path = AddFriendsToGroupViewController.m; sourceTree = "<group>"; };
		4AEF49FC1A9A906000A2561D /* ProfileViewController.h */ = {isa = PBXFileReference; fileEncoding = 4; lastKnownFileType = sourcecode.c.h; path = ProfileViewController.h; sourceTree = "<group>"; };
		4AEF49FD1A9A906000A2561D /* ProfileViewController.m */ = {isa = PBXFileReference; fileEncoding = 4; lastKnownFileType = sourcecode.c.objc; path = ProfileViewController.m; sourceTree = "<group>"; };
		4AEF49FF1A9AA24D00A2561D /* GlobalVarsTest.h */ = {isa = PBXFileReference; fileEncoding = 4; lastKnownFileType = sourcecode.c.h; path = GlobalVarsTest.h; sourceTree = "<group>"; };
		4AEF4A001A9AA24D00A2561D /* GlobalVarsTest.m */ = {isa = PBXFileReference; fileEncoding = 4; lastKnownFileType = sourcecode.c.objc; path = GlobalVarsTest.m; sourceTree = "<group>"; };
		4AEF4A071A9AADCF00A2561D /* ThingsToFixLater */ = {isa = PBXFileReference; fileEncoding = 4; lastKnownFileType = text; path = ThingsToFixLater; sourceTree = "<group>"; };
/* End PBXFileReference section */

/* Begin PBXFrameworksBuildPhase section */
		4ABB3D1C1A7DE992001724D5 /* Frameworks */ = {
			isa = PBXFrameworksBuildPhase;
			buildActionMask = 2147483647;
			files = (
				4ABB3D6A1A7DEB0F001724D5 /* libsqlite3.dylib in Frameworks */,
				4ABB3D681A7DEB01001724D5 /* libz.dylib in Frameworks */,
				4ABB3D661A7DEAF4001724D5 /* SystemConfiguration.framework in Frameworks */,
				4ABB3D641A7DEAE9001724D5 /* StoreKit.framework in Frameworks */,
				4ABB3D621A7DEAE3001724D5 /* Security.framework in Frameworks */,
				4ABB3D601A7DEADD001724D5 /* QuartzCore.framework in Frameworks */,
				4ABB3D5E1A7DEAD5001724D5 /* MobileCoreServices.framework in Frameworks */,
				4ABB3D5C1A7DEACC001724D5 /* CoreLocation.framework in Frameworks */,
				4ABB3D5A1A7DEAC1001724D5 /* CoreGraphics.framework in Frameworks */,
				4ABB3D581A7DEABB001724D5 /* CFNetwork.framework in Frameworks */,
				4ABB3D561A7DEAB5001724D5 /* AudioToolbox.framework in Frameworks */,
				4ABB3D511A7DEA4A001724D5 /* Parse.framework in Frameworks */,
				4ABB3D521A7DEA4A001724D5 /* ParseCrashReporting.framework in Frameworks */,
				4ABB3D541A7DEA4A001724D5 /* ParseUI.framework in Frameworks */,
				4ABB3D531A7DEA4A001724D5 /* ParseFacebookUtils.framework in Frameworks */,
				4ABB3D501A7DEA4A001724D5 /* Bolts.framework in Frameworks */,
			);
			runOnlyForDeploymentPostprocessing = 0;
		};
		4ABB3D381A7DE992001724D5 /* Frameworks */ = {
			isa = PBXFrameworksBuildPhase;
			buildActionMask = 2147483647;
			files = (
			);
			runOnlyForDeploymentPostprocessing = 0;
		};
/* End PBXFrameworksBuildPhase section */

/* Begin PBXGroup section */
		4ABB3D161A7DE992001724D5 = {
			isa = PBXGroup;
			children = (
				4AD2A4841A92F847005FB377 /* Frameworks */,
				4ABB3D211A7DE992001724D5 /* Ladr */,
				4ABB3D3E1A7DE992001724D5 /* LadrTests */,
				4ABB3D201A7DE992001724D5 /* Products */,
			);
			sourceTree = "<group>";
		};
		4ABB3D201A7DE992001724D5 /* Products */ = {
			isa = PBXGroup;
			children = (
				4ABB3D1F1A7DE992001724D5 /* Ladr.app */,
				4ABB3D3B1A7DE992001724D5 /* LadrTests.xctest */,
			);
			name = Products;
			sourceTree = "<group>";
		};
		4ABB3D211A7DE992001724D5 /* Ladr */ = {
			isa = PBXGroup;
			children = (
				4AEF4A041A9AADA100A2561D /* Notes */,
				4AD2A0C21A92CD41005FB377 /* delegate */,
				4AD2A0C31A92CD51005FB377 /* login/signup */,
				4AD2A0C41A92CD6A005FB377 /* notification stuff */,
				4AD2A0C51A92CDA7005FB377 /* LeftSidePanelStuff */,
				4AD2A0C61A92CDE1005FB377 /* GroupView */,
				4AD2A0C71A92CDF3005FB377 /* Misc Views */,
				4A6017681A9092C800847F64 /* HomePageViewController.h */,
				4A6017691A9092C800847F64 /* HomePageViewController.m */,
				4ADA1AD01A96EF2D004E499E /* HomePageCell.h */,
				4ADA1AD11A96EF2D004E499E /* HomePageCell.m */,
				4A59ABE51A8568E20035E531 /* AddGroupViewController.h */,
				4A59ABE61A8568E20035E531 /* AddGroupViewController.m */,
				4ADA1ACD1A96E06C004E499E /* ImageChosenView.h */,
				4ADA1ACE1A96E06C004E499E /* ImageChosenView.m */,
				4AD2A4851A9302A4005FB377 /* AddInitialFriendsViewController.h */,
				4AD2A4861A9302A4005FB377 /* AddInitialFriendsViewController.m */,
				4AEF49FC1A9A906000A2561D /* ProfileViewController.h */,
				4AEF49FD1A9A906000A2561D /* ProfileViewController.m */,
				4AEF4A021A9AA25700A2561D /* data */,
				4ABB3D2F1A7DE992001724D5 /* Main.storyboard */,
				4ABB3D321A7DE992001724D5 /* Images.xcassets */,
				4ABB3D341A7DE992001724D5 /* LaunchScreen.xib */,
				4ABB3D291A7DE992001724D5 /* Ladr.xcdatamodeld */,
				4ABB3D221A7DE992001724D5 /* Supporting Files */,
			);
			path = Ladr;
			sourceTree = "<group>";
		};
		4ABB3D221A7DE992001724D5 /* Supporting Files */ = {
			isa = PBXGroup;
			children = (
				4ADA1AD31A96FAE7004E499E /* cat.jpg */,
				4ADA1AD51A96FAE7004E499E /* pic.jpg */,
				4ADA1ACA1A96C088004E499E /* photoCellCollectionViewCell.h */,
				4ADA1ACB1A96C088004E499E /* photoCellCollectionViewCell.m */,
				4A9CC3601A847374006F8706 /* homePageTableViewTableViewController.h */,
				4A9CC3611A847374006F8706 /* homePageTableViewTableViewController.m */,
				4ABB3D231A7DE992001724D5 /* Info.plist */,
				4ABB3D241A7DE992001724D5 /* main.m */,
			);
			name = "Supporting Files";
			sourceTree = "<group>";
		};
		4ABB3D3E1A7DE992001724D5 /* LadrTests */ = {
			isa = PBXGroup;
			children = (
				4ABB3D411A7DE992001724D5 /* LadrTests.m */,
				4ABB3D3F1A7DE992001724D5 /* Supporting Files */,
			);
			path = LadrTests;
			sourceTree = "<group>";
		};
		4ABB3D3F1A7DE992001724D5 /* Supporting Files */ = {
			isa = PBXGroup;
			children = (
				4ABB3D401A7DE992001724D5 /* Info.plist */,
				4A30ECC41A81FAB400E276C7 /* ladrLogo1.png */,
			);
			name = "Supporting Files";
			sourceTree = "<group>";
		};
		4AD2A0C21A92CD41005FB377 /* delegate */ = {
			isa = PBXGroup;
			children = (
				4ABB3D261A7DE992001724D5 /* AppDelegate.h */,
				4ABB3D271A7DE992001724D5 /* AppDelegate.m */,
			);
			name = delegate;
			sourceTree = "<group>";
		};
		4AD2A0C31A92CD51005FB377 /* login/signup */ = {
			isa = PBXGroup;
			children = (
				4A30ECC61A82004B00E276C7 /* LoginViewController.h */,
				4A30ECC71A82004B00E276C7 /* LoginViewController.m */,
				4A30ECC91A82005B00E276C7 /* SignUpViewController.h */,
				4A30ECCA1A82005B00E276C7 /* SignUpViewController.m */,
			);
			name = login/signup;
			sourceTree = "<group>";
		};
		4AD2A0C41A92CD6A005FB377 /* notification stuff */ = {
			isa = PBXGroup;
			children = (
				4A60F1F61A88BF9800E2A0C4 /* NotificationTableViewController.h */,
				4A60F1F71A88BF9800E2A0C4 /* NotificationTableViewController.m */,
				4A4FB5241A8B4BBC009E97B7 /* AcceptButton.h */,
				4A4FB5251A8B4BBC009E97B7 /* AcceptButton.m */,
			);
			name = "notification stuff";
			sourceTree = "<group>";
		};
		4AD2A0C51A92CDA7005FB377 /* LeftSidePanelStuff */ = {
			isa = PBXGroup;
			children = (
				4A60176B1A90A86200847F64 /* SWRevealViewController.h */,
				4A60176C1A90A86200847F64 /* SWRevealViewController.m */,
				4A6017651A90907700847F64 /* PanelViewController.h */,
				4A6017661A90907700847F64 /* PanelViewController.m */,
			);
			name = LeftSidePanelStuff;
			sourceTree = "<group>";
		};
		4AD2A0C61A92CDE1005FB377 /* GroupView */ = {
			isa = PBXGroup;
			children = (
				4A6AF4E31A8C01B60015D09E /* GroupTableViewController.h */,
				4A6AF4E41A8C01B60015D09E /* GroupTableViewController.m */,
				4A69B2871A8D7F3500026198 /* GroupViewCellTableViewCell.h */,
				4A69B2881A8D7F3500026198 /* GroupViewCellTableViewCell.m */,
				4A69B28A1A8D8EEE00026198 /* ReportGameViewController.h */,
				4A69B28B1A8D8EEE00026198 /* ReportGameViewController.m */,
				4ADE26611A91A17D009C6A55 /* AddFriendsToGroupViewController.h */,
				4ADE26621A91A17D009C6A55 /* AddFriendsToGroupViewController.m */,
			);
			name = GroupView;
			sourceTree = "<group>";
		};
		4AD2A0C71A92CDF3005FB377 /* Misc Views */ = {
			isa = PBXGroup;
			children = (
				4A6017721A90C0BA00847F64 /* SettingsViewController.h */,
				4A6017731A90C0BA00847F64 /* SettingsViewController.m */,
				4A6017751A90C0CF00847F64 /* LicensesViewController.h */,
				4A6017761A90C0CF00847F64 /* LicensesViewController.m */,
			);
			name = "Misc Views";
			sourceTree = "<group>";
		};
		4AD2A4841A92F847005FB377 /* Frameworks */ = {
			isa = PBXGroup;
			children = (
				4ABB3D4B1A7DEA4A001724D5 /* Bolts.framework */,
				4ABB3D4C1A7DEA4A001724D5 /* Parse.framework */,
				4ABB3D4D1A7DEA4A001724D5 /* ParseCrashReporting.framework */,
				4ABB3D4E1A7DEA4A001724D5 /* ParseFacebookUtils.framework */,
				4ABB3D4F1A7DEA4A001724D5 /* ParseUI.framework */,
				4ABB3D551A7DEAB5001724D5 /* AudioToolbox.framework */,
				4ABB3D591A7DEAC1001724D5 /* CoreGraphics.framework */,
				4ABB3D671A7DEB01001724D5 /* libz.dylib */,
				4ABB3D691A7DEB0F001724D5 /* libsqlite3.dylib */,
				4ABB3D571A7DEABB001724D5 /* CFNetwork.framework */,
				4ABB3D651A7DEAF4001724D5 /* SystemConfiguration.framework */,
				4ABB3D631A7DEAE9001724D5 /* StoreKit.framework */,
				4ABB3D5F1A7DEADD001724D5 /* QuartzCore.framework */,
				4ABB3D611A7DEAE3001724D5 /* Security.framework */,
				4ABB3D5D1A7DEAD5001724D5 /* MobileCoreServices.framework */,
				4ABB3D5B1A7DEACC001724D5 /* CoreLocation.framework */,
			);
			name = Frameworks;
			sourceTree = "<group>";
		};
		4AEF4A021A9AA25700A2561D /* data */ = {
			isa = PBXGroup;
			children = (
				4AEF49FF1A9AA24D00A2561D /* GlobalVarsTest.h */,
				4AEF4A001A9AA24D00A2561D /* GlobalVarsTest.m */,
			);
			name = data;
			sourceTree = "<group>";
		};
		4AEF4A041A9AADA100A2561D /* Notes */ = {
			isa = PBXGroup;
			children = (
				4AEF4A071A9AADCF00A2561D /* ThingsToFixLater */,
			);
			name = Notes;
			sourceTree = "<group>";
		};
/* End PBXGroup section */

/* Begin PBXNativeTarget section */
		4ABB3D1E1A7DE992001724D5 /* Ladr */ = {
			isa = PBXNativeTarget;
			buildConfigurationList = 4ABB3D451A7DE992001724D5 /* Build configuration list for PBXNativeTarget "Ladr" */;
			buildPhases = (
				4ABB3D1B1A7DE992001724D5 /* Sources */,
				4ABB3D1C1A7DE992001724D5 /* Frameworks */,
				4ABB3D1D1A7DE992001724D5 /* Resources */,
			);
			buildRules = (
			);
			dependencies = (
			);
			name = Ladr;
			productName = Ladr;
			productReference = 4ABB3D1F1A7DE992001724D5 /* Ladr.app */;
			productType = "com.apple.product-type.application";
		};
		4ABB3D3A1A7DE992001724D5 /* LadrTests */ = {
			isa = PBXNativeTarget;
			buildConfigurationList = 4ABB3D481A7DE992001724D5 /* Build configuration list for PBXNativeTarget "LadrTests" */;
			buildPhases = (
				4ABB3D371A7DE992001724D5 /* Sources */,
				4ABB3D381A7DE992001724D5 /* Frameworks */,
				4ABB3D391A7DE992001724D5 /* Resources */,
			);
			buildRules = (
			);
			dependencies = (
				4ABB3D3D1A7DE992001724D5 /* PBXTargetDependency */,
			);
			name = LadrTests;
			productName = LadrTests;
			productReference = 4ABB3D3B1A7DE992001724D5 /* LadrTests.xctest */;
			productType = "com.apple.product-type.bundle.unit-test";
		};
/* End PBXNativeTarget section */

/* Begin PBXProject section */
		4ABB3D171A7DE992001724D5 /* Project object */ = {
			isa = PBXProject;
			attributes = {
				LastUpgradeCheck = 0610;
				ORGANIZATIONNAME = "Markus Notti";
				TargetAttributes = {
					4ABB3D1E1A7DE992001724D5 = {
						CreatedOnToolsVersion = 6.1.1;
						DevelopmentTeam = 8YXPR9XYQK;
					};
					4ABB3D3A1A7DE992001724D5 = {
						CreatedOnToolsVersion = 6.1.1;
						TestTargetID = 4ABB3D1E1A7DE992001724D5;
					};
				};
			};
			buildConfigurationList = 4ABB3D1A1A7DE992001724D5 /* Build configuration list for PBXProject "Ladr" */;
			compatibilityVersion = "Xcode 3.2";
			developmentRegion = English;
			hasScannedForEncodings = 0;
			knownRegions = (
				en,
				Base,
				he,
			);
			mainGroup = 4ABB3D161A7DE992001724D5;
			productRefGroup = 4ABB3D201A7DE992001724D5 /* Products */;
			projectDirPath = "";
			projectRoot = "";
			targets = (
				4ABB3D1E1A7DE992001724D5 /* Ladr */,
				4ABB3D3A1A7DE992001724D5 /* LadrTests */,
			);
		};
/* End PBXProject section */

/* Begin PBXResourcesBuildPhase section */
		4ABB3D1D1A7DE992001724D5 /* Resources */ = {
			isa = PBXResourcesBuildPhase;
			buildActionMask = 2147483647;
			files = (
				4ABB3D311A7DE992001724D5 /* Main.storyboard in Resources */,
				4AEF4A081A9AADCF00A2561D /* ThingsToFixLater in Resources */,
				4ADA1AD81A96FAE7004E499E /* pic.jpg in Resources */,
				4ABB3D361A7DE992001724D5 /* LaunchScreen.xib in Resources */,
				4ABB3D331A7DE992001724D5 /* Images.xcassets in Resources */,
				4ADA1AD61A96FAE7004E499E /* cat.jpg in Resources */,
			);
			runOnlyForDeploymentPostprocessing = 0;
		};
		4ABB3D391A7DE992001724D5 /* Resources */ = {
			isa = PBXResourcesBuildPhase;
			buildActionMask = 2147483647;
			files = (
				4A30ECC51A81FAB400E276C7 /* ladrLogo1.png in Resources */,
			);
			runOnlyForDeploymentPostprocessing = 0;
		};
/* End PBXResourcesBuildPhase section */

/* Begin PBXSourcesBuildPhase section */
		4ABB3D1B1A7DE992001724D5 /* Sources */ = {
			isa = PBXSourcesBuildPhase;
			buildActionMask = 2147483647;
			files = (
				4AEF4A011A9AA24D00A2561D /* GlobalVarsTest.m in Sources */,
				4ABB3D281A7DE992001724D5 /* AppDelegate.m in Sources */,
				4ADA1ACC1A96C088004E499E /* photoCellCollectionViewCell.m in Sources */,
				4A69B2891A8D7F3500026198 /* GroupViewCellTableViewCell.m in Sources */,
				4A60176D1A90A86200847F64 /* SWRevealViewController.m in Sources */,
				4A6017741A90C0BA00847F64 /* SettingsViewController.m in Sources */,
				4A6017771A90C0CF00847F64 /* LicensesViewController.m in Sources */,
				4ADE26631A91A17D009C6A55 /* AddFriendsToGroupViewController.m in Sources */,
				4AEF49FE1A9A906000A2561D /* ProfileViewController.m in Sources */,
				4ABB3D251A7DE992001724D5 /* main.m in Sources */,
				4A30ECCB1A82005B00E276C7 /* SignUpViewController.m in Sources */,
				4ADA1AD21A96EF2D004E499E /* HomePageCell.m in Sources */,
				4AD2A4871A9302A4005FB377 /* AddInitialFriendsViewController.m in Sources */,
				4A60176A1A9092C800847F64 /* HomePageViewController.m in Sources */,
				4A9CC3621A847374006F8706 /* homePageTableViewTableViewController.m in Sources */,
				4ABB3D2B1A7DE992001724D5 /* Ladr.xcdatamodeld in Sources */,
				4ADA1ACF1A96E06C004E499E /* ImageChosenView.m in Sources */,
				4A69B28C1A8D8EEE00026198 /* ReportGameViewController.m in Sources */,
				4A6AF4E51A8C01B60015D09E /* GroupTableViewController.m in Sources */,
				4A4FB5261A8B4BBC009E97B7 /* AcceptButton.m in Sources */,
				4A59ABE71A8568E20035E531 /* AddGroupViewController.m in Sources */,
				4A60F1F81A88BF9800E2A0C4 /* NotificationTableViewController.m in Sources */,
				4A30ECC81A82004B00E276C7 /* LoginViewController.m in Sources */,
				4A6017671A90907800847F64 /* PanelViewController.m in Sources */,
			);
			runOnlyForDeploymentPostprocessing = 0;
		};
		4ABB3D371A7DE992001724D5 /* Sources */ = {
			isa = PBXSourcesBuildPhase;
			buildActionMask = 2147483647;
			files = (
				4ABB3D421A7DE992001724D5 /* LadrTests.m in Sources */,
			);
			runOnlyForDeploymentPostprocessing = 0;
		};
/* End PBXSourcesBuildPhase section */

/* Begin PBXTargetDependency section */
		4ABB3D3D1A7DE992001724D5 /* PBXTargetDependency */ = {
			isa = PBXTargetDependency;
			target = 4ABB3D1E1A7DE992001724D5 /* Ladr */;
			targetProxy = 4ABB3D3C1A7DE992001724D5 /* PBXContainerItemProxy */;
		};
/* End PBXTargetDependency section */

/* Begin PBXVariantGroup section */
		4ABB3D2F1A7DE992001724D5 /* Main.storyboard */ = {
			isa = PBXVariantGroup;
			children = (
				4ABB3D301A7DE992001724D5 /* Base */,
			);
			name = Main.storyboard;
			sourceTree = "<group>";
		};
		4ABB3D341A7DE992001724D5 /* LaunchScreen.xib */ = {
			isa = PBXVariantGroup;
			children = (
				4ABB3D351A7DE992001724D5 /* Base */,
			);
			name = LaunchScreen.xib;
			sourceTree = "<group>";
		};
/* End PBXVariantGroup section */

/* Begin XCBuildConfiguration section */
		4ABB3D431A7DE992001724D5 /* Debug */ = {
			isa = XCBuildConfiguration;
			buildSettings = {
				ALWAYS_SEARCH_USER_PATHS = NO;
				CLANG_CXX_LANGUAGE_STANDARD = "gnu++0x";
				CLANG_CXX_LIBRARY = "libc++";
				CLANG_ENABLE_MODULES = YES;
				CLANG_ENABLE_OBJC_ARC = YES;
				CLANG_WARN_BOOL_CONVERSION = YES;
				CLANG_WARN_CONSTANT_CONVERSION = YES;
				CLANG_WARN_DIRECT_OBJC_ISA_USAGE = YES_ERROR;
				CLANG_WARN_EMPTY_BODY = YES;
				CLANG_WARN_ENUM_CONVERSION = YES;
				CLANG_WARN_INT_CONVERSION = YES;
				CLANG_WARN_OBJC_ROOT_CLASS = YES_ERROR;
				CLANG_WARN_UNREACHABLE_CODE = YES;
				CLANG_WARN__DUPLICATE_METHOD_MATCH = YES;
				"CODE_SIGN_IDENTITY[sdk=iphoneos*]" = "iPhone Developer";
				COPY_PHASE_STRIP = NO;
				ENABLE_STRICT_OBJC_MSGSEND = YES;
				GCC_C_LANGUAGE_STANDARD = gnu99;
				GCC_DYNAMIC_NO_PIC = NO;
				GCC_OPTIMIZATION_LEVEL = 0;
				GCC_PREPROCESSOR_DEFINITIONS = (
					"DEBUG=1",
					"$(inherited)",
				);
				GCC_SYMBOLS_PRIVATE_EXTERN = NO;
				GCC_WARN_64_TO_32_BIT_CONVERSION = YES;
				GCC_WARN_ABOUT_RETURN_TYPE = YES_ERROR;
				GCC_WARN_UNDECLARED_SELECTOR = YES;
				GCC_WARN_UNINITIALIZED_AUTOS = YES_AGGRESSIVE;
				GCC_WARN_UNUSED_FUNCTION = YES;
				GCC_WARN_UNUSED_VARIABLE = YES;
				IPHONEOS_DEPLOYMENT_TARGET = 8.1;
				MTL_ENABLE_DEBUG_INFO = YES;
				ONLY_ACTIVE_ARCH = YES;
				SDKROOT = iphoneos;
			};
			name = Debug;
		};
		4ABB3D441A7DE992001724D5 /* Release */ = {
			isa = XCBuildConfiguration;
			buildSettings = {
				ALWAYS_SEARCH_USER_PATHS = NO;
				CLANG_CXX_LANGUAGE_STANDARD = "gnu++0x";
				CLANG_CXX_LIBRARY = "libc++";
				CLANG_ENABLE_MODULES = YES;
				CLANG_ENABLE_OBJC_ARC = YES;
				CLANG_WARN_BOOL_CONVERSION = YES;
				CLANG_WARN_CONSTANT_CONVERSION = YES;
				CLANG_WARN_DIRECT_OBJC_ISA_USAGE = YES_ERROR;
				CLANG_WARN_EMPTY_BODY = YES;
				CLANG_WARN_ENUM_CONVERSION = YES;
				CLANG_WARN_INT_CONVERSION = YES;
				CLANG_WARN_OBJC_ROOT_CLASS = YES_ERROR;
				CLANG_WARN_UNREACHABLE_CODE = YES;
				CLANG_WARN__DUPLICATE_METHOD_MATCH = YES;
				"CODE_SIGN_IDENTITY[sdk=iphoneos*]" = "iPhone Developer";
				COPY_PHASE_STRIP = YES;
				ENABLE_NS_ASSERTIONS = NO;
				ENABLE_STRICT_OBJC_MSGSEND = YES;
				GCC_C_LANGUAGE_STANDARD = gnu99;
				GCC_WARN_64_TO_32_BIT_CONVERSION = YES;
				GCC_WARN_ABOUT_RETURN_TYPE = YES_ERROR;
				GCC_WARN_UNDECLARED_SELECTOR = YES;
				GCC_WARN_UNINITIALIZED_AUTOS = YES_AGGRESSIVE;
				GCC_WARN_UNUSED_FUNCTION = YES;
				GCC_WARN_UNUSED_VARIABLE = YES;
				IPHONEOS_DEPLOYMENT_TARGET = 8.1;
				MTL_ENABLE_DEBUG_INFO = NO;
				SDKROOT = iphoneos;
				VALIDATE_PRODUCT = YES;
			};
			name = Release;
		};
		4ABB3D461A7DE992001724D5 /* Debug */ = {
			isa = XCBuildConfiguration;
			buildSettings = {
				ASSETCATALOG_COMPILER_APPICON_NAME = AppIcon;
				FRAMEWORK_SEARCH_PATHS = (
					"$(inherited)",
					"$(PROJECT_DIR)/Ladr",
					/Users/markusnotti/Documents/FacebookSDK,
				);
				INFOPLIST_FILE = Ladr/Info.plist;
				LD_RUNPATH_SEARCH_PATHS = "$(inherited) @executable_path/Frameworks";
				PRODUCT_NAME = "$(TARGET_NAME)";
				TARGETED_DEVICE_FAMILY = 1;
			};
			name = Debug;
		};
		4ABB3D471A7DE992001724D5 /* Release */ = {
			isa = XCBuildConfiguration;
			buildSettings = {
				ASSETCATALOG_COMPILER_APPICON_NAME = AppIcon;
				FRAMEWORK_SEARCH_PATHS = (
					"$(inherited)",
					"$(PROJECT_DIR)/Ladr",
					/Users/markusnotti/Documents/FacebookSDK,
				);
				INFOPLIST_FILE = Ladr/Info.plist;
				LD_RUNPATH_SEARCH_PATHS = "$(inherited) @executable_path/Frameworks";
				PRODUCT_NAME = "$(TARGET_NAME)";
				TARGETED_DEVICE_FAMILY = 1;
			};
			name = Release;
		};
		4ABB3D491A7DE992001724D5 /* Debug */ = {
			isa = XCBuildConfiguration;
			buildSettings = {
				BUNDLE_LOADER = "$(TEST_HOST)";
				FRAMEWORK_SEARCH_PATHS = (
					"$(SDKROOT)/Developer/Library/Frameworks",
					"$(inherited)",
				);
				GCC_PREPROCESSOR_DEFINITIONS = (
					"DEBUG=1",
					"$(inherited)",
				);
				INFOPLIST_FILE = LadrTests/Info.plist;
				LD_RUNPATH_SEARCH_PATHS = "$(inherited) @executable_path/Frameworks @loader_path/Frameworks";
				PRODUCT_NAME = "$(TARGET_NAME)";
				TEST_HOST = "$(BUILT_PRODUCTS_DIR)/Ladr.app/Ladr";
			};
			name = Debug;
		};
		4ABB3D4A1A7DE992001724D5 /* Release */ = {
			isa = XCBuildConfiguration;
			buildSettings = {
				BUNDLE_LOADER = "$(TEST_HOST)";
				FRAMEWORK_SEARCH_PATHS = (
					"$(SDKROOT)/Developer/Library/Frameworks",
					"$(inherited)",
				);
				INFOPLIST_FILE = LadrTests/Info.plist;
				LD_RUNPATH_SEARCH_PATHS = "$(inherited) @executable_path/Frameworks @loader_path/Frameworks";
				PRODUCT_NAME = "$(TARGET_NAME)";
				TEST_HOST = "$(BUILT_PRODUCTS_DIR)/Ladr.app/Ladr";
			};
			name = Release;
		};
/* End XCBuildConfiguration section */

/* Begin XCConfigurationList section */
		4ABB3D1A1A7DE992001724D5 /* Build configuration list for PBXProject "Ladr" */ = {
			isa = XCConfigurationList;
			buildConfigurations = (
				4ABB3D431A7DE992001724D5 /* Debug */,
				4ABB3D441A7DE992001724D5 /* Release */,
			);
			defaultConfigurationIsVisible = 0;
			defaultConfigurationName = Release;
		};
		4ABB3D451A7DE992001724D5 /* Build configuration list for PBXNativeTarget "Ladr" */ = {
			isa = XCConfigurationList;
			buildConfigurations = (
				4ABB3D461A7DE992001724D5 /* Debug */,
				4ABB3D471A7DE992001724D5 /* Release */,
			);
			defaultConfigurationIsVisible = 0;
			defaultConfigurationName = Release;
		};
		4ABB3D481A7DE992001724D5 /* Build configuration list for PBXNativeTarget "LadrTests" */ = {
			isa = XCConfigurationList;
			buildConfigurations = (
				4ABB3D491A7DE992001724D5 /* Debug */,
				4ABB3D4A1A7DE992001724D5 /* Release */,
			);
			defaultConfigurationIsVisible = 0;
			defaultConfigurationName = Release;
		};
/* End XCConfigurationList section */

/* Begin XCVersionGroup section */
		4ABB3D291A7DE992001724D5 /* Ladr.xcdatamodeld */ = {
			isa = XCVersionGroup;
			children = (
				4ABB3D2A1A7DE992001724D5 /* Ladr.xcdatamodel */,
			);
			currentVersion = 4ABB3D2A1A7DE992001724D5 /* Ladr.xcdatamodel */;
			path = Ladr.xcdatamodeld;
			sourceTree = "<group>";
			versionGroupType = wrapper.xcdatamodel;
		};
/* End XCVersionGroup section */
	};
	rootObject = 4ABB3D171A7DE992001724D5 /* Project object */;
}
